// !$*UTF8*$!
{
	archiveVersion = 1;
	classes = {
	};
	objectVersion = 46;
	objects = {

/* Begin PBXBuildFile section */
		0DC46D9B179411D100B8170A /* local_udp_client.c in Sources */ = {isa = PBXBuildFile; fileRef = 0DC46D9A179411D100B8170A /* local_udp_client.c */; };
		0DC46D9D179411D100B8170A /* UDPClient.1 in CopyFiles */ = {isa = PBXBuildFile; fileRef = 0DC46D9C179411D100B8170A /* UDPClient.1 */; };
		0DC46DA5179411F300B8170A /* MITLogModule.c in Sources */ = {isa = PBXBuildFile; fileRef = 0DC46DA3179411F300B8170A /* MITLogModule.c */; };
/* End PBXBuildFile section */

/* Begin PBXCopyFilesBuildPhase section */
		0DC46D95179411D100B8170A /* CopyFiles */ = {
			isa = PBXCopyFilesBuildPhase;
			buildActionMask = 2147483647;
			dstPath = /usr/share/man/man1/;
			dstSubfolderSpec = 0;
			files = (
				0DC46D9D179411D100B8170A /* UDPClient.1 in CopyFiles */,
			);
			runOnlyForDeploymentPostprocessing = 1;
		};
/* End PBXCopyFilesBuildPhase section */

/* Begin PBXFileReference section */
		0DC46D97179411D100B8170A /* UDPClient */ = {isa = PBXFileReference; explicitFileType = "compiled.mach-o.executable"; includeInIndex = 0; path = UDPClient; sourceTree = BUILT_PRODUCTS_DIR; };
		0DC46D9A179411D100B8170A /* local_udp_client.c */ = {isa = PBXFileReference; lastKnownFileType = sourcecode.c.c; path = local_udp_client.c; sourceTree = "<group>"; };
		0DC46D9C179411D100B8170A /* UDPClient.1 */ = {isa = PBXFileReference; lastKnownFileType = text.man; path = UDPClient.1; sourceTree = "<group>"; };
		0DC46DA3179411F300B8170A /* MITLogModule.c */ = {isa = PBXFileReference; fileEncoding = 4; lastKnownFileType = sourcecode.c.c; path = MITLogModule.c; sourceTree = "<group>"; };
		0DC46DA4179411F300B8170A /* MITLogModule.h */ = {isa = PBXFileReference; fileEncoding = 4; lastKnownFileType = sourcecode.c.h; path = MITLogModule.h; sourceTree = "<group>"; };
/* End PBXFileReference section */

/* Begin PBXFrameworksBuildPhase section */
		0DC46D94179411D100B8170A /* Frameworks */ = {
			isa = PBXFrameworksBuildPhase;
			buildActionMask = 2147483647;
			files = (
			);
			runOnlyForDeploymentPostprocessing = 0;
		};
/* End PBXFrameworksBuildPhase section */

/* Begin PBXGroup section */
		0DC46D8E179411D100B8170A = {
			isa = PBXGroup;
			children = (
				0DC46D99179411D100B8170A /* UDPClient */,
				0DC46D98179411D100B8170A /* Products */,
			);
			sourceTree = "<group>";
		};
		0DC46D98179411D100B8170A /* Products */ = {
			isa = PBXGroup;
			children = (
				0DC46D97179411D100B8170A /* UDPClient */,
			);
			name = Products;
			sourceTree = "<group>";
		};
		0DC46D99179411D100B8170A /* UDPClient */ = {
			isa = PBXGroup;
			children = (
				0DC46D9A179411D100B8170A /* local_udp_client.c */,
				0DC46D9C179411D100B8170A /* UDPClient.1 */,
				0DC46DA3179411F300B8170A /* MITLogModule.c */,
				0DC46DA4179411F300B8170A /* MITLogModule.h */,
			);
			path = UDPClient;
			sourceTree = "<group>";
		};
/* End PBXGroup section */

/* Begin PBXNativeTarget section */
		0DC46D96179411D100B8170A /* UDPClient */ = {
			isa = PBXNativeTarget;
			buildConfigurationList = 0DC46DA0179411D100B8170A /* Build configuration list for PBXNativeTarget "UDPClient" */;
			buildPhases = (
				0DC46D93179411D100B8170A /* Sources */,
				0DC46D94179411D100B8170A /* Frameworks */,
				0DC46D95179411D100B8170A /* CopyFiles */,
			);
			buildRules = (
			);
			dependencies = (
			);
			name = UDPClient;
			productName = UDPClient;
			productReference = 0DC46D97179411D100B8170A /* UDPClient */;
			productType = "com.apple.product-type.tool";
		};
/* End PBXNativeTarget section */

/* Begin PBXProject section */
		0DC46D8F179411D100B8170A /* Project object */ = {
			isa = PBXProject;
			attributes = {
				LastUpgradeCheck = 0460;
				ORGANIZATIONNAME = GT;
			};
			buildConfigurationList = 0DC46D92179411D100B8170A /* Build configuration list for PBXProject "UDPClient" */;
			compatibilityVersion = "Xcode 3.2";
			developmentRegion = English;
			hasScannedForEncodings = 0;
			knownRegions = (
				en,
			);
			mainGroup = 0DC46D8E179411D100B8170A;
			productRefGroup = 0DC46D98179411D100B8170A /* Products */;
			projectDirPath = "";
			projectRoot = "";
			targets = (
				0DC46D96179411D100B8170A /* UDPClient */,
			);
		};
/* End PBXProject section */

/* Begin PBXSourcesBuildPhase section */
		0DC46D93179411D100B8170A /* Sources */ = {
			isa = PBXSourcesBuildPhase;
			buildActionMask = 2147483647;
			files = (
				0DC46D9B179411D100B8170A /* local_udp_client.c in Sources */,
				0DC46DA5179411F300B8170A /* MITLogModule.c in Sources */,
			);
			runOnlyForDeploymentPostprocessing = 0;
		};
/* End PBXSourcesBuildPhase section */

/* Begin XCBuildConfiguration section */
		0DC46D9E179411D100B8170A /* Debug */ = {
			isa = XCBuildConfiguration;
			buildSettings = {
				ALWAYS_SEARCH_USER_PATHS = NO;
				ARCHS = "$(ARCHS_STANDARD_64_BIT)";
				CLANG_CXX_LANGUAGE_STANDARD = "gnu++0x";
				CLANG_CXX_LIBRARY = "libc++";
				CLANG_WARN_CONSTANT_CONVERSION = YES;
				CLANG_WARN_EMPTY_BODY = YES;
				CLANG_WARN_ENUM_CONVERSION = YES;
				CLANG_WARN_INT_CONVERSION = YES;
				CLANG_WARN__DUPLICATE_METHOD_MATCH = YES;
				COPY_PHASE_STRIP = NO;
				GCC_C_LANGUAGE_STANDARD = gnu99;
				GCC_DYNAMIC_NO_PIC = NO;
				GCC_ENABLE_OBJC_EXCEPTIONS = YES;
				GCC_OPTIMIZATION_LEVEL = 0;
				GCC_PREPROCESSOR_DEFINITIONS = (
					"DEBUG=1",
					"$(inherited)",
				);
				GCC_SYMBOLS_PRIVATE_EXTERN = NO;
				GCC_WARN_64_TO_32_BIT_CONVERSION = YES;
				GCC_WARN_ABOUT_RETURN_TYPE = YES;
				GCC_WARN_UNINITIALIZED_AUTOS = YES;
				GCC_WARN_UNUSED_VARIABLE = YES;
				MACOSX_DEPLOYMENT_TARGET = 10.8;
				ONLY_ACTIVE_ARCH = YES;
				SDKROOT = macosx;
			};
			name = Debug;
		};
		0DC46D9F179411D100B8170A /* Release */ = {
			isa = XCBuildConfiguration;
			buildSettings = {
				ALWAYS_SEARCH_USER_PATHS = NO;
				ARCHS = "$(ARCHS_STANDARD_64_BIT)";
				CLANG_CXX_LANGUAGE_STANDARD = "gnu++0x";
				CLANG_CXX_LIBRARY = "libc++";
				CLANG_WARN_CONSTANT_CONVERSION = YES;
				CLANG_WARN_EMPTY_BODY = YES;
				CLANG_WARN_ENUM_CONVERSION = YES;
				CLANG_WARN_INT_CONVERSION = YES;
				CLANG_WARN__DUPLICATE_METHOD_MATCH = YES;
				COPY_PHASE_STRIP = YES;
				DEBUG_INFORMATION_FORMAT = "dwarf-with-dsym";
				GCC_C_LANGUAGE_STANDARD = gnu99;
				GCC_ENABLE_OBJC_EXCEPTIONS = YES;
				GCC_WARN_64_TO_32_BIT_CONVERSION = YES;
				GCC_WARN_ABOUT_RETURN_TYPE = YES;
				GCC_WARN_UNINITIALIZED_AUTOS = YES;
				GCC_WARN_UNUSED_VARIABLE = YES;
				MACOSX_DEPLOYMENT_TARGET = 10.8;
				SDKROOT = macosx;
			};
			name = Release;
		};
		0DC46DA1179411D100B8170A /* Debug */ = {
			isa = XCBuildConfiguration;
			buildSettings = {
				PRODUCT_NAME = "$(TARGET_NAME)";
			};
			name = Debug;
		};
		0DC46DA2179411D100B8170A /* Release */ = {
			isa = XCBuildConfiguration;
			buildSettings = {
				PRODUCT_NAME = "$(TARGET_NAME)";
			};
			name = Release;
		};
/* End XCBuildConfiguration section */

/* Begin XCConfigurationList section */
		0DC46D92179411D100B8170A /* Build configuration list for PBXProject "UDPClient" */ = {
			isa = XCConfigurationList;
			buildConfigurations = (
				0DC46D9E179411D100B8170A /* Debug */,
				0DC46D9F179411D100B8170A /* Release */,
			);
			defaultConfigurationIsVisible = 0;
			defaultConfigurationName = Release;
		};
		0DC46DA0179411D100B8170A /* Build configuration list for PBXNativeTarget "UDPClient" */ = {
			isa = XCConfigurationList;
			buildConfigurations = (
				0DC46DA1179411D100B8170A /* Debug */,
				0DC46DA2179411D100B8170A /* Release */,
			);
			defaultConfigurationIsVisible = 0;
			defaultConfigurationName = Release;
		};
/* End XCConfigurationList section */
	};
	rootObject = 0DC46D8F179411D100B8170A /* Project object */;
}
