// !$*UTF8*$!
{
	archiveVersion = 1;
	classes = {
	};
	objectVersion = 46;
	objects = {

/* Begin PBXBuildFile section */
		0D25ECC21798E1B300C0F5EA /* main.c in Sources */ = {isa = PBXBuildFile; fileRef = 0D25ECC11798E1B300C0F5EA /* main.c */; };
		0D25ECC41798E1B300C0F5EA /* LibEventUDPClient.1 in CopyFiles */ = {isa = PBXBuildFile; fileRef = 0D25ECC31798E1B300C0F5EA /* LibEventUDPClient.1 */; };
		0D25ECCB1798E21800C0F5EA /* libevent-2.0.5.dylib in Frameworks */ = {isa = PBXBuildFile; fileRef = 0D25ECCA1798E21800C0F5EA /* libevent-2.0.5.dylib */; };
		0D25ECD11798E63900C0F5EA /* create_feed_thread.c in Sources */ = {isa = PBXBuildFile; fileRef = 0D25ECD01798E63900C0F5EA /* create_feed_thread.c */; };
		0D26F6DF17A0E765008F6AC4 /* mit_data_define.c in Sources */ = {isa = PBXBuildFile; fileRef = 0D26F6DB17A0E765008F6AC4 /* mit_data_define.c */; };
		0D26F6E017A0E765008F6AC4 /* MITLogModule.c in Sources */ = {isa = PBXBuildFile; fileRef = 0D26F6DD17A0E765008F6AC4 /* MITLogModule.c */; };
/* End PBXBuildFile section */

/* Begin PBXCopyFilesBuildPhase section */
		0D25ECBC1798E1B300C0F5EA /* CopyFiles */ = {
			isa = PBXCopyFilesBuildPhase;
			buildActionMask = 2147483647;
			dstPath = /usr/share/man/man1/;
			dstSubfolderSpec = 0;
			files = (
				0D25ECC41798E1B300C0F5EA /* LibEventUDPClient.1 in CopyFiles */,
			);
			runOnlyForDeploymentPostprocessing = 1;
		};
/* End PBXCopyFilesBuildPhase section */

/* Begin PBXFileReference section */
		0D25ECBE1798E1B300C0F5EA /* LibEventUDPClient */ = {isa = PBXFileReference; explicitFileType = "compiled.mach-o.executable"; includeInIndex = 0; path = LibEventUDPClient; sourceTree = BUILT_PRODUCTS_DIR; };
		0D25ECC11798E1B300C0F5EA /* main.c */ = {isa = PBXFileReference; lastKnownFileType = sourcecode.c.c; path = main.c; sourceTree = "<group>"; };
		0D25ECC31798E1B300C0F5EA /* LibEventUDPClient.1 */ = {isa = PBXFileReference; lastKnownFileType = text.man; path = LibEventUDPClient.1; sourceTree = "<group>"; };
		0D25ECCA1798E21800C0F5EA /* libevent-2.0.5.dylib */ = {isa = PBXFileReference; lastKnownFileType = "compiled.mach-o.dylib"; name = "libevent-2.0.5.dylib"; path = "../../../../../usr/local/lib/libevent-2.0.5.dylib"; sourceTree = "<group>"; };
		0D25ECCF1798E62B00C0F5EA /* create_feed_thread.h */ = {isa = PBXFileReference; fileEncoding = 4; lastKnownFileType = sourcecode.c.h; path = create_feed_thread.h; sourceTree = "<group>"; };
		0D25ECD01798E63900C0F5EA /* create_feed_thread.c */ = {isa = PBXFileReference; fileEncoding = 4; lastKnownFileType = sourcecode.c.c; path = create_feed_thread.c; sourceTree = "<group>"; };
		0D26F6DB17A0E765008F6AC4 /* mit_data_define.c */ = {isa = PBXFileReference; fileEncoding = 4; lastKnownFileType = sourcecode.c.c; path = mit_data_define.c; sourceTree = "<group>"; };
		0D26F6DC17A0E765008F6AC4 /* mit_data_define.h */ = {isa = PBXFileReference; fileEncoding = 4; lastKnownFileType = sourcecode.c.h; path = mit_data_define.h; sourceTree = "<group>"; };
		0D26F6DD17A0E765008F6AC4 /* MITLogModule.c */ = {isa = PBXFileReference; fileEncoding = 4; lastKnownFileType = sourcecode.c.c; path = MITLogModule.c; sourceTree = "<group>"; };
		0D26F6DE17A0E765008F6AC4 /* MITLogModule.h */ = {isa = PBXFileReference; fileEncoding = 4; lastKnownFileType = sourcecode.c.h; path = MITLogModule.h; sourceTree = "<group>"; };
/* End PBXFileReference section */

/* Begin PBXFrameworksBuildPhase section */
		0D25ECBB1798E1B300C0F5EA /* Frameworks */ = {
			isa = PBXFrameworksBuildPhase;
			buildActionMask = 2147483647;
			files = (
				0D25ECCB1798E21800C0F5EA /* libevent-2.0.5.dylib in Frameworks */,
			);
			runOnlyForDeploymentPostprocessing = 0;
		};
/* End PBXFrameworksBuildPhase section */

/* Begin PBXGroup section */
		0D25ECB51798E1B300C0F5EA = {
			isa = PBXGroup;
			children = (
				0D25ECCA1798E21800C0F5EA /* libevent-2.0.5.dylib */,
				0D25ECC01798E1B300C0F5EA /* LibEventUDPClient */,
				0D25ECBF1798E1B300C0F5EA /* Products */,
			);
			sourceTree = "<group>";
		};
		0D25ECBF1798E1B300C0F5EA /* Products */ = {
			isa = PBXGroup;
			children = (
				0D25ECBE1798E1B300C0F5EA /* LibEventUDPClient */,
			);
			name = Products;
			sourceTree = "<group>";
		};
		0D25ECC01798E1B300C0F5EA /* LibEventUDPClient */ = {
			isa = PBXGroup;
			children = (
				0D25ECC11798E1B300C0F5EA /* main.c */,
				0D25ECCF1798E62B00C0F5EA /* create_feed_thread.h */,
				0D25ECD01798E63900C0F5EA /* create_feed_thread.c */,
				0D26F6DB17A0E765008F6AC4 /* mit_data_define.c */,
				0D26F6DC17A0E765008F6AC4 /* mit_data_define.h */,
				0D26F6DD17A0E765008F6AC4 /* MITLogModule.c */,
				0D26F6DE17A0E765008F6AC4 /* MITLogModule.h */,
				0D25ECC31798E1B300C0F5EA /* LibEventUDPClient.1 */,
			);
			path = LibEventUDPClient;
			sourceTree = "<group>";
		};
/* End PBXGroup section */

/* Begin PBXNativeTarget section */
		0D25ECBD1798E1B300C0F5EA /* LibEventUDPClient */ = {
			isa = PBXNativeTarget;
			buildConfigurationList = 0D25ECC71798E1B400C0F5EA /* Build configuration list for PBXNativeTarget "LibEventUDPClient" */;
			buildPhases = (
				0D25ECBA1798E1B300C0F5EA /* Sources */,
				0D25ECBB1798E1B300C0F5EA /* Frameworks */,
				0D25ECBC1798E1B300C0F5EA /* CopyFiles */,
			);
			buildRules = (
			);
			dependencies = (
			);
			name = LibEventUDPClient;
			productName = LibEventUDPClient;
			productReference = 0D25ECBE1798E1B300C0F5EA /* LibEventUDPClient */;
			productType = "com.apple.product-type.tool";
		};
/* End PBXNativeTarget section */

/* Begin PBXProject section */
		0D25ECB61798E1B300C0F5EA /* Project object */ = {
			isa = PBXProject;
			attributes = {
				LastUpgradeCheck = 0460;
				ORGANIZATIONNAME = GT;
			};
			buildConfigurationList = 0D25ECB91798E1B300C0F5EA /* Build configuration list for PBXProject "LibEventUDPClient" */;
			compatibilityVersion = "Xcode 3.2";
			developmentRegion = English;
			hasScannedForEncodings = 0;
			knownRegions = (
				en,
			);
			mainGroup = 0D25ECB51798E1B300C0F5EA;
			productRefGroup = 0D25ECBF1798E1B300C0F5EA /* Products */;
			projectDirPath = "";
			projectRoot = "";
			targets = (
				0D25ECBD1798E1B300C0F5EA /* LibEventUDPClient */,
			);
		};
/* End PBXProject section */

/* Begin PBXSourcesBuildPhase section */
		0D25ECBA1798E1B300C0F5EA /* Sources */ = {
			isa = PBXSourcesBuildPhase;
			buildActionMask = 2147483647;
			files = (
				0D25ECC21798E1B300C0F5EA /* main.c in Sources */,
				0D25ECD11798E63900C0F5EA /* create_feed_thread.c in Sources */,
				0D26F6DF17A0E765008F6AC4 /* mit_data_define.c in Sources */,
				0D26F6E017A0E765008F6AC4 /* MITLogModule.c in Sources */,
			);
			runOnlyForDeploymentPostprocessing = 0;
		};
/* End PBXSourcesBuildPhase section */

/* Begin XCBuildConfiguration section */
		0D25ECC51798E1B400C0F5EA /* Debug */ = {
			isa = XCBuildConfiguration;
			buildSettings = {
				ALWAYS_SEARCH_USER_PATHS = NO;
				ARCHS = "$(ARCHS_STANDARD_64_BIT)";
				CLANG_CXX_LANGUAGE_STANDARD = "gnu++0x";
				CLANG_CXX_LIBRARY = "libc++";
				CLANG_WARN_CONSTANT_CONVERSION = YES;
				CLANG_WARN_EMPTY_BODY = YES;
				CLANG_WARN_ENUM_CONVERSION = YES;
				CLANG_WARN_INT_CONVERSION = YES;
				CLANG_WARN__DUPLICATE_METHOD_MATCH = YES;
				COPY_PHASE_STRIP = NO;
				GCC_C_LANGUAGE_STANDARD = gnu99;
				GCC_DYNAMIC_NO_PIC = NO;
				GCC_ENABLE_OBJC_EXCEPTIONS = YES;
				GCC_OPTIMIZATION_LEVEL = 0;
				GCC_PREPROCESSOR_DEFINITIONS = (
					"DEBUG=1",
					"$(inherited)",
				);
				GCC_SYMBOLS_PRIVATE_EXTERN = NO;
				GCC_WARN_64_TO_32_BIT_CONVERSION = YES;
				GCC_WARN_ABOUT_RETURN_TYPE = YES;
				GCC_WARN_UNINITIALIZED_AUTOS = YES;
				GCC_WARN_UNUSED_VARIABLE = YES;
				MACOSX_DEPLOYMENT_TARGET = 10.8;
				ONLY_ACTIVE_ARCH = YES;
				SDKROOT = macosx;
			};
			name = Debug;
		};
		0D25ECC61798E1B400C0F5EA /* Release */ = {
			isa = XCBuildConfiguration;
			buildSettings = {
				ALWAYS_SEARCH_USER_PATHS = NO;
				ARCHS = "$(ARCHS_STANDARD_64_BIT)";
				CLANG_CXX_LANGUAGE_STANDARD = "gnu++0x";
				CLANG_CXX_LIBRARY = "libc++";
				CLANG_WARN_CONSTANT_CONVERSION = YES;
				CLANG_WARN_EMPTY_BODY = YES;
				CLANG_WARN_ENUM_CONVERSION = YES;
				CLANG_WARN_INT_CONVERSION = YES;
				CLANG_WARN__DUPLICATE_METHOD_MATCH = YES;
				COPY_PHASE_STRIP = YES;
				DEBUG_INFORMATION_FORMAT = "dwarf-with-dsym";
				GCC_C_LANGUAGE_STANDARD = gnu99;
				GCC_ENABLE_OBJC_EXCEPTIONS = YES;
				GCC_WARN_64_TO_32_BIT_CONVERSION = YES;
				GCC_WARN_ABOUT_RETURN_TYPE = YES;
				GCC_WARN_UNINITIALIZED_AUTOS = YES;
				GCC_WARN_UNUSED_VARIABLE = YES;
				MACOSX_DEPLOYMENT_TARGET = 10.8;
				SDKROOT = macosx;
			};
			name = Release;
		};
		0D25ECC81798E1B400C0F5EA /* Debug */ = {
			isa = XCBuildConfiguration;
			buildSettings = {
				HEADER_SEARCH_PATHS = "/usr/local/include/**";
				LIBRARY_SEARCH_PATHS = "/usr/local/lib/**";
				PRODUCT_NAME = "$(TARGET_NAME)";
			};
			name = Debug;
		};
		0D25ECC91798E1B400C0F5EA /* Release */ = {
			isa = XCBuildConfiguration;
			buildSettings = {
				HEADER_SEARCH_PATHS = "/usr/local/include/**";
				LIBRARY_SEARCH_PATHS = "/usr/local/lib/**";
				PRODUCT_NAME = "$(TARGET_NAME)";
			};
			name = Release;
		};
/* End XCBuildConfiguration section */

/* Begin XCConfigurationList section */
		0D25ECB91798E1B300C0F5EA /* Build configuration list for PBXProject "LibEventUDPClient" */ = {
			isa = XCConfigurationList;
			buildConfigurations = (
				0D25ECC51798E1B400C0F5EA /* Debug */,
				0D25ECC61798E1B400C0F5EA /* Release */,
			);
			defaultConfigurationIsVisible = 0;
			defaultConfigurationName = Release;
		};
		0D25ECC71798E1B400C0F5EA /* Build configuration list for PBXNativeTarget "LibEventUDPClient" */ = {
			isa = XCConfigurationList;
			buildConfigurations = (
				0D25ECC81798E1B400C0F5EA /* Debug */,
				0D25ECC91798E1B400C0F5EA /* Release */,
			);
			defaultConfigurationIsVisible = 0;
			defaultConfigurationName = Release;
		};
/* End XCConfigurationList section */
	};
	rootObject = 0D25ECB61798E1B300C0F5EA /* Project object */;
}
