// !$*UTF8*$!
{
	archiveVersion = 1;
	classes = {
	};
	objectVersion = 46;
	objects = {

/* Begin PBXBuildFile section */
		0D81AD69178EC5690026FE2F /* unix_domain_client.c in Sources */ = {isa = PBXBuildFile; fileRef = 0D81AD68178EC5690026FE2F /* unix_domain_client.c */; };
		0D81AD6B178EC5690026FE2F /* UnixDomainClient.1 in CopyFiles */ = {isa = PBXBuildFile; fileRef = 0D81AD6A178EC5690026FE2F /* UnixDomainClient.1 */; };
		0D81AD73178EC5820026FE2F /* MITLogModule.c in Sources */ = {isa = PBXBuildFile; fileRef = 0D81AD71178EC5820026FE2F /* MITLogModule.c */; };
/* End PBXBuildFile section */

/* Begin PBXCopyFilesBuildPhase section */
		0D81AD63178EC5690026FE2F /* CopyFiles */ = {
			isa = PBXCopyFilesBuildPhase;
			buildActionMask = 2147483647;
			dstPath = /usr/share/man/man1/;
			dstSubfolderSpec = 0;
			files = (
				0D81AD6B178EC5690026FE2F /* UnixDomainClient.1 in CopyFiles */,
			);
			runOnlyForDeploymentPostprocessing = 1;
		};
/* End PBXCopyFilesBuildPhase section */

/* Begin PBXFileReference section */
		0D81AD65178EC5690026FE2F /* UnixDomainClient */ = {isa = PBXFileReference; explicitFileType = "compiled.mach-o.executable"; includeInIndex = 0; path = UnixDomainClient; sourceTree = BUILT_PRODUCTS_DIR; };
		0D81AD68178EC5690026FE2F /* unix_domain_client.c */ = {isa = PBXFileReference; lastKnownFileType = sourcecode.c.c; path = unix_domain_client.c; sourceTree = "<group>"; };
		0D81AD6A178EC5690026FE2F /* UnixDomainClient.1 */ = {isa = PBXFileReference; lastKnownFileType = text.man; path = UnixDomainClient.1; sourceTree = "<group>"; };
		0D81AD71178EC5820026FE2F /* MITLogModule.c */ = {isa = PBXFileReference; fileEncoding = 4; lastKnownFileType = sourcecode.c.c; path = MITLogModule.c; sourceTree = "<group>"; };
		0D81AD72178EC5820026FE2F /* MITLogModule.h */ = {isa = PBXFileReference; fileEncoding = 4; lastKnownFileType = sourcecode.c.h; path = MITLogModule.h; sourceTree = "<group>"; };
/* End PBXFileReference section */

/* Begin PBXFrameworksBuildPhase section */
		0D81AD62178EC5690026FE2F /* Frameworks */ = {
			isa = PBXFrameworksBuildPhase;
			buildActionMask = 2147483647;
			files = (
			);
			runOnlyForDeploymentPostprocessing = 0;
		};
/* End PBXFrameworksBuildPhase section */

/* Begin PBXGroup section */
		0D81AD5C178EC5690026FE2F = {
			isa = PBXGroup;
			children = (
				0D81AD67178EC5690026FE2F /* UnixDomainClient */,
				0D81AD66178EC5690026FE2F /* Products */,
			);
			sourceTree = "<group>";
		};
		0D81AD66178EC5690026FE2F /* Products */ = {
			isa = PBXGroup;
			children = (
				0D81AD65178EC5690026FE2F /* UnixDomainClient */,
			);
			name = Products;
			sourceTree = "<group>";
		};
		0D81AD67178EC5690026FE2F /* UnixDomainClient */ = {
			isa = PBXGroup;
			children = (
				0D81AD68178EC5690026FE2F /* unix_domain_client.c */,
				0D81AD6A178EC5690026FE2F /* UnixDomainClient.1 */,
				0D81AD71178EC5820026FE2F /* MITLogModule.c */,
				0D81AD72178EC5820026FE2F /* MITLogModule.h */,
			);
			path = UnixDomainClient;
			sourceTree = "<group>";
		};
/* End PBXGroup section */

/* Begin PBXNativeTarget section */
		0D81AD64178EC5690026FE2F /* UnixDomainClient */ = {
			isa = PBXNativeTarget;
			buildConfigurationList = 0D81AD6E178EC5690026FE2F /* Build configuration list for PBXNativeTarget "UnixDomainClient" */;
			buildPhases = (
				0D81AD61178EC5690026FE2F /* Sources */,
				0D81AD62178EC5690026FE2F /* Frameworks */,
				0D81AD63178EC5690026FE2F /* CopyFiles */,
			);
			buildRules = (
			);
			dependencies = (
			);
			name = UnixDomainClient;
			productName = UnixDomainClient;
			productReference = 0D81AD65178EC5690026FE2F /* UnixDomainClient */;
			productType = "com.apple.product-type.tool";
		};
/* End PBXNativeTarget section */

/* Begin PBXProject section */
		0D81AD5D178EC5690026FE2F /* Project object */ = {
			isa = PBXProject;
			attributes = {
				LastUpgradeCheck = 0460;
				ORGANIZATIONNAME = GT;
			};
			buildConfigurationList = 0D81AD60178EC5690026FE2F /* Build configuration list for PBXProject "UnixDomainClient" */;
			compatibilityVersion = "Xcode 3.2";
			developmentRegion = English;
			hasScannedForEncodings = 0;
			knownRegions = (
				en,
			);
			mainGroup = 0D81AD5C178EC5690026FE2F;
			productRefGroup = 0D81AD66178EC5690026FE2F /* Products */;
			projectDirPath = "";
			projectRoot = "";
			targets = (
				0D81AD64178EC5690026FE2F /* UnixDomainClient */,
			);
		};
/* End PBXProject section */

/* Begin PBXSourcesBuildPhase section */
		0D81AD61178EC5690026FE2F /* Sources */ = {
			isa = PBXSourcesBuildPhase;
			buildActionMask = 2147483647;
			files = (
				0D81AD69178EC5690026FE2F /* unix_domain_client.c in Sources */,
				0D81AD73178EC5820026FE2F /* MITLogModule.c in Sources */,
			);
			runOnlyForDeploymentPostprocessing = 0;
		};
/* End PBXSourcesBuildPhase section */

/* Begin XCBuildConfiguration section */
		0D81AD6C178EC5690026FE2F /* Debug */ = {
			isa = XCBuildConfiguration;
			buildSettings = {
				ALWAYS_SEARCH_USER_PATHS = NO;
				ARCHS = "$(ARCHS_STANDARD_64_BIT)";
				CLANG_CXX_LANGUAGE_STANDARD = "gnu++0x";
				CLANG_CXX_LIBRARY = "libc++";
				CLANG_WARN_CONSTANT_CONVERSION = YES;
				CLANG_WARN_EMPTY_BODY = YES;
				CLANG_WARN_ENUM_CONVERSION = YES;
				CLANG_WARN_INT_CONVERSION = YES;
				CLANG_WARN__DUPLICATE_METHOD_MATCH = YES;
				COPY_PHASE_STRIP = NO;
				GCC_C_LANGUAGE_STANDARD = gnu99;
				GCC_DYNAMIC_NO_PIC = NO;
				GCC_ENABLE_OBJC_EXCEPTIONS = YES;
				GCC_OPTIMIZATION_LEVEL = 0;
				GCC_PREPROCESSOR_DEFINITIONS = (
					"DEBUG=1",
					"$(inherited)",
				);
				GCC_SYMBOLS_PRIVATE_EXTERN = NO;
				GCC_WARN_64_TO_32_BIT_CONVERSION = YES;
				GCC_WARN_ABOUT_RETURN_TYPE = YES;
				GCC_WARN_UNINITIALIZED_AUTOS = YES;
				GCC_WARN_UNUSED_VARIABLE = YES;
				MACOSX_DEPLOYMENT_TARGET = 10.8;
				ONLY_ACTIVE_ARCH = YES;
				SDKROOT = macosx;
			};
			name = Debug;
		};
		0D81AD6D178EC5690026FE2F /* Release */ = {
			isa = XCBuildConfiguration;
			buildSettings = {
				ALWAYS_SEARCH_USER_PATHS = NO;
				ARCHS = "$(ARCHS_STANDARD_64_BIT)";
				CLANG_CXX_LANGUAGE_STANDARD = "gnu++0x";
				CLANG_CXX_LIBRARY = "libc++";
				CLANG_WARN_CONSTANT_CONVERSION = YES;
				CLANG_WARN_EMPTY_BODY = YES;
				CLANG_WARN_ENUM_CONVERSION = YES;
				CLANG_WARN_INT_CONVERSION = YES;
				CLANG_WARN__DUPLICATE_METHOD_MATCH = YES;
				COPY_PHASE_STRIP = YES;
				DEBUG_INFORMATION_FORMAT = "dwarf-with-dsym";
				GCC_C_LANGUAGE_STANDARD = gnu99;
				GCC_ENABLE_OBJC_EXCEPTIONS = YES;
				GCC_WARN_64_TO_32_BIT_CONVERSION = YES;
				GCC_WARN_ABOUT_RETURN_TYPE = YES;
				GCC_WARN_UNINITIALIZED_AUTOS = YES;
				GCC_WARN_UNUSED_VARIABLE = YES;
				MACOSX_DEPLOYMENT_TARGET = 10.8;
				SDKROOT = macosx;
			};
			name = Release;
		};
		0D81AD6F178EC5690026FE2F /* Debug */ = {
			isa = XCBuildConfiguration;
			buildSettings = {
				PRODUCT_NAME = "$(TARGET_NAME)";
			};
			name = Debug;
		};
		0D81AD70178EC5690026FE2F /* Release */ = {
			isa = XCBuildConfiguration;
			buildSettings = {
				PRODUCT_NAME = "$(TARGET_NAME)";
			};
			name = Release;
		};
/* End XCBuildConfiguration section */

/* Begin XCConfigurationList section */
		0D81AD60178EC5690026FE2F /* Build configuration list for PBXProject "UnixDomainClient" */ = {
			isa = XCConfigurationList;
			buildConfigurations = (
				0D81AD6C178EC5690026FE2F /* Debug */,
				0D81AD6D178EC5690026FE2F /* Release */,
			);
			defaultConfigurationIsVisible = 0;
			defaultConfigurationName = Release;
		};
		0D81AD6E178EC5690026FE2F /* Build configuration list for PBXNativeTarget "UnixDomainClient" */ = {
			isa = XCConfigurationList;
			buildConfigurations = (
				0D81AD6F178EC5690026FE2F /* Debug */,
				0D81AD70178EC5690026FE2F /* Release */,
			);
			defaultConfigurationIsVisible = 0;
		};
/* End XCConfigurationList section */
	};
	rootObject = 0D81AD5D178EC5690026FE2F /* Project object */;
}
